
Microsoft Visual Studio Solution File, Format Version 12.00
# Visual Studio Version 16
VisualStudioVersion = 16.0.31727.386
MinimumVisualStudioVersion = 10.0.40219.1
Project("{FAE04EC0-301F-11D3-BF4B-00C04F79EFBC}") = "basicwebsite.website", "basicwebsite.website.csproj", "{72FBAABC-21C0-4D3C-B86F-39F4EAE2766D}"
EndProject
Global
	GlobalSection(SolutionConfigurationPlatforms) = preSolution
		Debug|Any CPU = Debug|Any CPU
		Release|Any CPU = Release|Any CPU
	EndGlobalSection
	GlobalSection(ProjectConfigurationPlatforms) = postSolution
		{72FBAABC-21C0-4D3C-B86F-39F4EAE2766D}.Debug|Any CPU.ActiveCfg = Debug|Any CPU
		{72FBAABC-21C0-4D3C-B86F-39F4EAE2766D}.Debug|Any CPU.Build.0 = Debug|Any CPU
		{72FBAABC-21C0-4D3C-B86F-39F4EAE2766D}.Release|Any CPU.ActiveCfg = Release|Any CPU
		{72FBAABC-21C0-4D3C-B86F-39F4EAE2766D}.Release|Any CPU.Build.0 = Release|Any CPU
	EndGlobalSection
	GlobalSection(SolutionProperties) = preSolution
		HideSolutionNode = FALSE
	EndGlobalSection
	GlobalSection(ExtensibilityGlobals) = postSolution
		SolutionGuid = {F742EAE7-0AD8-4829-BA4A-C9AB6A4C5C3A}
	EndGlobalSection
EndGlobal
